// !$*UTF8*$!
{
	archiveVersion = 1;
	classes = {
	};
	objectVersion = 55;
	objects = {

/* Begin PBXBuildFile section */
		D9299F42270771D600728487 /* Example_Text.swift in Sources */ = {isa = PBXBuildFile; fileRef = D9299F41270771D600728487 /* Example_Text.swift */; };
		D9299F44270771E000728487 /* Example_Image.swift in Sources */ = {isa = PBXBuildFile; fileRef = D9299F43270771E000728487 /* Example_Image.swift */; };
		D9299F462707735300728487 /* Example_Stack.swift in Sources */ = {isa = PBXBuildFile; fileRef = D9299F452707735300728487 /* Example_Stack.swift */; };
		D9C6C99B270619B10030053D /* Start_SwiftUIApp.swift in Sources */ = {isa = PBXBuildFile; fileRef = D9C6C99A270619B10030053D /* Start_SwiftUIApp.swift */; };
		D9C6C99D270619B10030053D /* ContentView.swift in Sources */ = {isa = PBXBuildFile; fileRef = D9C6C99C270619B10030053D /* ContentView.swift */; };
		D9C6C99F270619B30030053D /* Assets.xcassets in Resources */ = {isa = PBXBuildFile; fileRef = D9C6C99E270619B30030053D /* Assets.xcassets */; };
		D9C6C9A2270619B30030053D /* Preview Assets.xcassets in Resources */ = {isa = PBXBuildFile; fileRef = D9C6C9A1270619B30030053D /* Preview Assets.xcassets */; };
		D9FE0F02270AB181009F8D5E /* Example_GeometryReader.swift in Sources */ = {isa = PBXBuildFile; fileRef = D9FE0F01270AB181009F8D5E /* Example_GeometryReader.swift */; };
/* End PBXBuildFile section */

/* Begin PBXFileReference section */
		D9299F41270771D600728487 /* Example_Text.swift */ = {isa = PBXFileReference; lastKnownFileType = sourcecode.swift; path = Example_Text.swift; sourceTree = "<group>"; };
		D9299F43270771E000728487 /* Example_Image.swift */ = {isa = PBXFileReference; lastKnownFileType = sourcecode.swift; path = Example_Image.swift; sourceTree = "<group>"; };
		D9299F452707735300728487 /* Example_Stack.swift */ = {isa = PBXFileReference; lastKnownFileType = sourcecode.swift; path = Example_Stack.swift; sourceTree = "<group>"; };
		D9C6C997270619B10030053D /* Start-SwiftUI.app */ = {isa = PBXFileReference; explicitFileType = wrapper.application; includeInIndex = 0; path = "Start-SwiftUI.app"; sourceTree = BUILT_PRODUCTS_DIR; };
		D9C6C99A270619B10030053D /* Start_SwiftUIApp.swift */ = {isa = PBXFileReference; lastKnownFileType = sourcecode.swift; path = Start_SwiftUIApp.swift; sourceTree = "<group>"; };
		D9C6C99C270619B10030053D /* ContentView.swift */ = {isa = PBXFileReference; lastKnownFileType = sourcecode.swift; path = ContentView.swift; sourceTree = "<group>"; };
		D9C6C99E270619B30030053D /* Assets.xcassets */ = {isa = PBXFileReference; lastKnownFileType = folder.assetcatalog; path = Assets.xcassets; sourceTree = "<group>"; };
		D9C6C9A1270619B30030053D /* Preview Assets.xcassets */ = {isa = PBXFileReference; lastKnownFileType = folder.assetcatalog; path = "Preview Assets.xcassets"; sourceTree = "<group>"; };
		D9FE0F01270AB181009F8D5E /* Example_GeometryReader.swift */ = {isa = PBXFileReference; lastKnownFileType = sourcecode.swift; path = Example_GeometryReader.swift; sourceTree = "<group>"; };
/* End PBXFileReference section */

/* Begin PBXFrameworksBuildPhase section */
		D9C6C994270619B10030053D /* Frameworks */ = {
			isa = PBXFrameworksBuildPhase;
			buildActionMask = 2147483647;
			files = (
			);
			runOnlyForDeploymentPostprocessing = 0;
		};
/* End PBXFrameworksBuildPhase section */

/* Begin PBXGroup section */
		D9299F3E2707708700728487 /* Ch01-Text, Image, Stack, GeometryReader */ = {
			isa = PBXGroup;
			children = (
				D9299F41270771D600728487 /* Example_Text.swift */,
				D9299F43270771E000728487 /* Example_Image.swift */,
				D9299F452707735300728487 /* Example_Stack.swift */,
				D9FE0F01270AB181009F8D5E /* Example_GeometryReader.swift */,
			);
			path = "Ch01-Text, Image, Stack, GeometryReader";
			sourceTree = "<group>";
		};
		D9C6C98E270619B10030053D = {
			isa = PBXGroup;
			children = (
				D9C6C999270619B10030053D /* Start-SwiftUI */,
				D9C6C998270619B10030053D /* Products */,
			);
			sourceTree = "<group>";
		};
		D9C6C998270619B10030053D /* Products */ = {
			isa = PBXGroup;
			children = (
				D9C6C997270619B10030053D /* Start-SwiftUI.app */,
			);
			name = Products;
			sourceTree = "<group>";
		};
		D9C6C999270619B10030053D /* Start-SwiftUI */ = {
			isa = PBXGroup;
			children = (
				D9C6C99A270619B10030053D /* Start_SwiftUIApp.swift */,
				D9C6C99C270619B10030053D /* ContentView.swift */,
				D9299F3E2707708700728487 /* Ch01-Text, Image, Stack, GeometryReader */,
				D9C6C99E270619B30030053D /* Assets.xcassets */,
				D9C6C9A0270619B30030053D /* Preview Content */,
			);
			path = "Start-SwiftUI";
			sourceTree = "<group>";
		};
		D9C6C9A0270619B30030053D /* Preview Content */ = {
			isa = PBXGroup;
			children = (
				D9C6C9A1270619B30030053D /* Preview Assets.xcassets */,
			);
			path = "Preview Content";
			sourceTree = "<group>";
		};
/* End PBXGroup section */

/* Begin PBXNativeTarget section */
		D9C6C996270619B10030053D /* Start-SwiftUI */ = {
			isa = PBXNativeTarget;
			buildConfigurationList = D9C6C9A5270619B30030053D /* Build configuration list for PBXNativeTarget "Start-SwiftUI" */;
			buildPhases = (
				D9C6C993270619B10030053D /* Sources */,
				D9C6C994270619B10030053D /* Frameworks */,
				D9C6C995270619B10030053D /* Resources */,
			);
			buildRules = (
			);
			dependencies = (
			);
			name = "Start-SwiftUI";
			productName = "Start-SwiftUI";
			productReference = D9C6C997270619B10030053D /* Start-SwiftUI.app */;
			productType = "com.apple.product-type.application";
		};
/* End PBXNativeTarget section */

/* Begin PBXProject section */
		D9C6C98F270619B10030053D /* Project object */ = {
			isa = PBXProject;
			attributes = {
				BuildIndependentTargetsInParallel = 1;
				LastSwiftUpdateCheck = 1300;
				LastUpgradeCheck = 1300;
				TargetAttributes = {
					D9C6C996270619B10030053D = {
						CreatedOnToolsVersion = 13.0;
					};
				};
			};
			buildConfigurationList = D9C6C992270619B10030053D /* Build configuration list for PBXProject "Start-SwiftUI" */;
			compatibilityVersion = "Xcode 13.0";
			developmentRegion = en;
			hasScannedForEncodings = 0;
			knownRegions = (
				en,
				Base,
			);
			mainGroup = D9C6C98E270619B10030053D;
			productRefGroup = D9C6C998270619B10030053D /* Products */;
			projectDirPath = "";
			projectRoot = "";
			targets = (
				D9C6C996270619B10030053D /* Start-SwiftUI */,
			);
		};
/* End PBXProject section */

/* Begin PBXResourcesBuildPhase section */
		D9C6C995270619B10030053D /* Resources */ = {
			isa = PBXResourcesBuildPhase;
			buildActionMask = 2147483647;
			files = (
				D9C6C9A2270619B30030053D /* Preview Assets.xcassets in Resources */,
				D9C6C99F270619B30030053D /* Assets.xcassets in Resources */,
			);
			runOnlyForDeploymentPostprocessing = 0;
		};
/* End PBXResourcesBuildPhase section */

/* Begin PBXSourcesBuildPhase section */
		D9C6C993270619B10030053D /* Sources */ = {
			isa = PBXSourcesBuildPhase;
			buildActionMask = 2147483647;
			files = (
				D9299F462707735300728487 /* Example_Stack.swift in Sources */,
				D9299F44270771E000728487 /* Example_Image.swift in Sources */,
				D9299F42270771D600728487 /* Example_Text.swift in Sources */,
				D9FE0F02270AB181009F8D5E /* Example_GeometryReader.swift in Sources */,
				D9C6C99D270619B10030053D /* ContentView.swift in Sources */,
				D9C6C99B270619B10030053D /* Start_SwiftUIApp.swift in Sources */,
			);
			runOnlyForDeploymentPostprocessing = 0;
		};
/* End PBXSourcesBuildPhase section */

/* Begin XCBuildConfiguration section */
		D9C6C9A3270619B30030053D /* Debug */ = {
			isa = XCBuildConfiguration;
			buildSettings = {
				ALWAYS_SEARCH_USER_PATHS = NO;
				CLANG_ANALYZER_NONNULL = YES;
				CLANG_ANALYZER_NUMBER_OBJECT_CONVERSION = YES_AGGRESSIVE;
				CLANG_CXX_LANGUAGE_STANDARD = "gnu++17";
				CLANG_CXX_LIBRARY = "libc++";
				CLANG_ENABLE_MODULES = YES;
				CLANG_ENABLE_OBJC_ARC = YES;
				CLANG_ENABLE_OBJC_WEAK = YES;
				CLANG_WARN_BLOCK_CAPTURE_AUTORELEASING = YES;
				CLANG_WARN_BOOL_CONVERSION = YES;
				CLANG_WARN_COMMA = YES;
				CLANG_WARN_CONSTANT_CONVERSION = YES;
				CLANG_WARN_DEPRECATED_OBJC_IMPLEMENTATIONS = YES;
				CLANG_WARN_DIRECT_OBJC_ISA_USAGE = YES_ERROR;
				CLANG_WARN_DOCUMENTATION_COMMENTS = YES;
				CLANG_WARN_EMPTY_BODY = YES;
				CLANG_WARN_ENUM_CONVERSION = YES;
				CLANG_WARN_INFINITE_RECURSION = YES;
				CLANG_WARN_INT_CONVERSION = YES;
				CLANG_WARN_NON_LITERAL_NULL_CONVERSION = YES;
				CLANG_WARN_OBJC_IMPLICIT_RETAIN_SELF = YES;
				CLANG_WARN_OBJC_LITERAL_CONVERSION = YES;
				CLANG_WARN_OBJC_ROOT_CLASS = YES_ERROR;
				CLANG_WARN_QUOTED_INCLUDE_IN_FRAMEWORK_HEADER = YES;
				CLANG_WARN_RANGE_LOOP_ANALYSIS = YES;
				CLANG_WARN_STRICT_PROTOTYPES = YES;
				CLANG_WARN_SUSPICIOUS_MOVE = YES;
				CLANG_WARN_UNGUARDED_AVAILABILITY = YES_AGGRESSIVE;
				CLANG_WARN_UNREACHABLE_CODE = YES;
				CLANG_WARN__DUPLICATE_METHOD_MATCH = YES;
				COPY_PHASE_STRIP = NO;
				DEBUG_INFORMATION_FORMAT = dwarf;
				ENABLE_STRICT_OBJC_MSGSEND = YES;
				ENABLE_TESTABILITY = YES;
				GCC_C_LANGUAGE_STANDARD = gnu11;
				GCC_DYNAMIC_NO_PIC = NO;
				GCC_NO_COMMON_BLOCKS = YES;
				GCC_OPTIMIZATION_LEVEL = 0;
				GCC_PREPROCESSOR_DEFINITIONS = (
					"DEBUG=1",
					"$(inherited)",
				);
				GCC_WARN_64_TO_32_BIT_CONVERSION = YES;
				GCC_WARN_ABOUT_RETURN_TYPE = YES_ERROR;
				GCC_WARN_UNDECLARED_SELECTOR = YES;
				GCC_WARN_UNINITIALIZED_AUTOS = YES_AGGRESSIVE;
				GCC_WARN_UNUSED_FUNCTION = YES;
				GCC_WARN_UNUSED_VARIABLE = YES;
				IPHONEOS_DEPLOYMENT_TARGET = 15.0;
				MTL_ENABLE_DEBUG_INFO = INCLUDE_SOURCE;
				MTL_FAST_MATH = YES;
				ONLY_ACTIVE_ARCH = YES;
				SDKROOT = iphoneos;
				SWIFT_ACTIVE_COMPILATION_CONDITIONS = DEBUG;
				SWIFT_OPTIMIZATION_LEVEL = "-Onone";
			};
			name = Debug;
		};
		D9C6C9A4270619B30030053D /* Release */ = {
			isa = XCBuildConfiguration;
			buildSettings = {
				ALWAYS_SEARCH_USER_PATHS = NO;
				CLANG_ANALYZER_NONNULL = YES;
				CLANG_ANALYZER_NUMBER_OBJECT_CONVERSION = YES_AGGRESSIVE;
				CLANG_CXX_LANGUAGE_STANDARD = "gnu++17";
				CLANG_CXX_LIBRARY = "libc++";
				CLANG_ENABLE_MODULES = YES;
				CLANG_ENABLE_OBJC_ARC = YES;
				CLANG_ENABLE_OBJC_WEAK = YES;
				CLANG_WARN_BLOCK_CAPTURE_AUTORELEASING = YES;
				CLANG_WARN_BOOL_CONVERSION = YES;
				CLANG_WARN_COMMA = YES;
				CLANG_WARN_CONSTANT_CONVERSION = YES;
				CLANG_WARN_DEPRECATED_OBJC_IMPLEMENTATIONS = YES;
				CLANG_WARN_DIRECT_OBJC_ISA_USAGE = YES_ERROR;
				CLANG_WARN_DOCUMENTATION_COMMENTS = YES;
				CLANG_WARN_EMPTY_BODY = YES;
				CLANG_WARN_ENUM_CONVERSION = YES;
				CLANG_WARN_INFINITE_RECURSION = YES;
				CLANG_WARN_INT_CONVERSION = YES;
				CLANG_WARN_NON_LITERAL_NULL_CONVERSION = YES;
				CLANG_WARN_OBJC_IMPLICIT_RETAIN_SELF = YES;
				CLANG_WARN_OBJC_LITERAL_CONVERSION = YES;
				CLANG_WARN_OBJC_ROOT_CLASS = YES_ERROR;
				CLANG_WARN_QUOTED_INCLUDE_IN_FRAMEWORK_HEADER = YES;
				CLANG_WARN_RANGE_LOOP_ANALYSIS = YES;
				CLANG_WARN_STRICT_PROTOTYPES = YES;
				CLANG_WARN_SUSPICIOUS_MOVE = YES;
				CLANG_WARN_UNGUARDED_AVAILABILITY = YES_AGGRESSIVE;
				CLANG_WARN_UNREACHABLE_CODE = YES;
				CLANG_WARN__DUPLICATE_METHOD_MATCH = YES;
				COPY_PHASE_STRIP = NO;
				DEBUG_INFORMATION_FORMAT = "dwarf-with-dsym";
				ENABLE_NS_ASSERTIONS = NO;
				ENABLE_STRICT_OBJC_MSGSEND = YES;
				GCC_C_LANGUAGE_STANDARD = gnu11;
				GCC_NO_COMMON_BLOCKS = YES;
				GCC_WARN_64_TO_32_BIT_CONVERSION = YES;
				GCC_WARN_ABOUT_RETURN_TYPE = YES_ERROR;
				GCC_WARN_UNDECLARED_SELECTOR = YES;
				GCC_WARN_UNINITIALIZED_AUTOS = YES_AGGRESSIVE;
				GCC_WARN_UNUSED_FUNCTION = YES;
				GCC_WARN_UNUSED_VARIABLE = YES;
				IPHONEOS_DEPLOYMENT_TARGET = 15.0;
				MTL_ENABLE_DEBUG_INFO = NO;
				MTL_FAST_MATH = YES;
				SDKROOT = iphoneos;
				SWIFT_COMPILATION_MODE = wholemodule;
				SWIFT_OPTIMIZATION_LEVEL = "-O";
				VALIDATE_PRODUCT = YES;
			};
			name = Release;
		};
		D9C6C9A6270619B30030053D /* Debug */ = {
			isa = XCBuildConfiguration;
			buildSettings = {
				ASSETCATALOG_COMPILER_APPICON_NAME = AppIcon;
				ASSETCATALOG_COMPILER_GLOBAL_ACCENT_COLOR_NAME = AccentColor;
				CODE_SIGN_STYLE = Automatic;
				CURRENT_PROJECT_VERSION = 1;
				DEVELOPMENT_ASSET_PATHS = "\"Start-SwiftUI/Preview Content\"";
				DEVELOPMENT_TEAM = KYG7C4ND55;
				ENABLE_PREVIEWS = YES;
				GENERATE_INFOPLIST_FILE = YES;
				INFOPLIST_KEY_UIApplicationSceneManifest_Generation = YES;
				INFOPLIST_KEY_UIApplicationSupportsIndirectInputEvents = YES;
				INFOPLIST_KEY_UILaunchScreen_Generation = YES;
				INFOPLIST_KEY_UISupportedInterfaceOrientations_iPad = "UIInterfaceOrientationPortrait UIInterfaceOrientationPortraitUpsideDown UIInterfaceOrientationLandscapeLeft UIInterfaceOrientationLandscapeRight";
				INFOPLIST_KEY_UISupportedInterfaceOrientations_iPhone = "UIInterfaceOrientationPortrait UIInterfaceOrientationLandscapeLeft UIInterfaceOrientationLandscapeRight";
				IPHONEOS_DEPLOYMENT_TARGET = 15.0;
				LD_RUNPATH_SEARCH_PATHS = (
					"$(inherited)",
					"@executable_path/Frameworks",
				);
				MARKETING_VERSION = 1.0;
				PRODUCT_BUNDLE_IDENTIFIER = "philip.chung.Start-SwiftUI";
				PRODUCT_NAME = "$(TARGET_NAME)";
				SWIFT_EMIT_LOC_STRINGS = YES;
				SWIFT_VERSION = 5.0;
				TARGETED_DEVICE_FAMILY = "1,2";
			};
			name = Debug;
		};
		D9C6C9A7270619B30030053D /* Release */ = {
			isa = XCBuildConfiguration;
			buildSettings = {
				ASSETCATALOG_COMPILER_APPICON_NAME = AppIcon;
				ASSETCATALOG_COMPILER_GLOBAL_ACCENT_COLOR_NAME = AccentColor;
				CODE_SIGN_STYLE = Automatic;
				CURRENT_PROJECT_VERSION = 1;
				DEVELOPMENT_ASSET_PATHS = "\"Start-SwiftUI/Preview Content\"";
				DEVELOPMENT_TEAM = KYG7C4ND55;
				ENABLE_PREVIEWS = YES;
				GENERATE_INFOPLIST_FILE = YES;
				INFOPLIST_KEY_UIApplicationSceneManifest_Generation = YES;
				INFOPLIST_KEY_UIApplicationSupportsIndirectInputEvents = YES;
				INFOPLIST_KEY_UILaunchScreen_Generation = YES;
				INFOPLIST_KEY_UISupportedInterfaceOrientations_iPad = "UIInterfaceOrientationPortrait UIInterfaceOrientationPortraitUpsideDown UIInterfaceOrientationLandscapeLeft UIInterfaceOrientationLandscapeRight";
				INFOPLIST_KEY_UISupportedInterfaceOrientations_iPhone = "UIInterfaceOrientationPortrait UIInterfaceOrientationLandscapeLeft UIInterfaceOrientationLandscapeRight";
				IPHONEOS_DEPLOYMENT_TARGET = 15.0;
				LD_RUNPATH_SEARCH_PATHS = (
					"$(inherited)",
					"@executable_path/Frameworks",
				);
				MARKETING_VERSION = 1.0;
				PRODUCT_BUNDLE_IDENTIFIER = "philip.chung.Start-SwiftUI";
				PRODUCT_NAME = "$(TARGET_NAME)";
				SWIFT_EMIT_LOC_STRINGS = YES;
				SWIFT_VERSION = 5.0;
				TARGETED_DEVICE_FAMILY = "1,2";
			};
			name = Release;
		};
/* End XCBuildConfiguration section */

/* Begin XCConfigurationList section */
		D9C6C992270619B10030053D /* Build configuration list for PBXProject "Start-SwiftUI" */ = {
			isa = XCConfigurationList;
			buildConfigurations = (
				D9C6C9A3270619B30030053D /* Debug */,
				D9C6C9A4270619B30030053D /* Release */,
			);
			defaultConfigurationIsVisible = 0;
			defaultConfigurationName = Release;
		};
		D9C6C9A5270619B30030053D /* Build configuration list for PBXNativeTarget "Start-SwiftUI" */ = {
			isa = XCConfigurationList;
			buildConfigurations = (
				D9C6C9A6270619B30030053D /* Debug */,
				D9C6C9A7270619B30030053D /* Release */,
			);
			defaultConfigurationIsVisible = 0;
			defaultConfigurationName = Release;
		};
/* End XCConfigurationList section */
	};
	rootObject = D9C6C98F270619B10030053D /* Project object */;
}
